
Microsoft Visual Studio Solution File, Format Version 12.00
# Visual Studio Version 17
VisualStudioVersion = 17.0.31919.166
MinimumVisualStudioVersion = 10.0.40219.1
Project("{FAE04EC0-301F-11D3-BF4B-00C04F79EFBC}") = "ConsoleAppTest", "ConsoleAppTest.csproj", "{832CC346-711A-4E84-9A68-B6C6828158B5}"
EndProject
Global
	GlobalSection(SolutionConfigurationPlatforms) = preSolution
		Debug|Any CPU = Debug|Any CPU
		Release|Any CPU = Release|Any CPU
	EndGlobalSection
	GlobalSection(ProjectConfigurationPlatforms) = postSolution
		{832CC346-711A-4E84-9A68-B6C6828158B5}.Debug|Any CPU.ActiveCfg = Debug|Any CPU
		{832CC346-711A-4E84-9A68-B6C6828158B5}.Debug|Any CPU.Build.0 = Debug|Any CPU
		{832CC346-711A-4E84-9A68-B6C6828158B5}.Release|Any CPU.ActiveCfg = Release|Any CPU
		{832CC346-711A-4E84-9A68-B6C6828158B5}.Release|Any CPU.Build.0 = Release|Any CPU
	EndGlobalSection
	GlobalSection(SolutionProperties) = preSolution
		HideSolutionNode = FALSE
	EndGlobalSection
	GlobalSection(ExtensibilityGlobals) = postSolution
		SolutionGuid = {AA7567C0-F4AF-400F-82A5-84BBD218FB68}
	EndGlobalSection
EndGlobal
